
Microsoft Visual Studio Solution File, Format Version 12.00
# Visual Studio Version 17
VisualStudioVersion = 17.1.31903.286
MinimumVisualStudioVersion = 10.0.40219.1
Project("{FAE04EC0-301F-11D3-BF4B-00C04F79EFBC}") = "HotReload5", "HotReload5\HotReload5.csproj", "{FB999DAF-C82B-4041-B766-2A7B6F8E6CED}"
EndProject
Project("{FAE04EC0-301F-11D3-BF4B-00C04F79EFBC}") = "HotReload6", "HotReload6\HotReload6.csproj", "{A23305BD-B2DA-441F-931B-6D641A85FE86}"
EndProject
Global
	GlobalSection(SolutionConfigurationPlatforms) = preSolution
		Debug|Any CPU = Debug|Any CPU
		Release|Any CPU = Release|Any CPU
	EndGlobalSection
	GlobalSection(ProjectConfigurationPlatforms) = postSolution
		{FB999DAF-C82B-4041-B766-2A7B6F8E6CED}.Debug|Any CPU.ActiveCfg = Debug|Any CPU
		{FB999DAF-C82B-4041-B766-2A7B6F8E6CED}.Debug|Any CPU.Build.0 = Debug|Any CPU
		{FB999DAF-C82B-4041-B766-2A7B6F8E6CED}.Release|Any CPU.ActiveCfg = Release|Any CPU
		{FB999DAF-C82B-4041-B766-2A7B6F8E6CED}.Release|Any CPU.Build.0 = Release|Any CPU
		{A23305BD-B2DA-441F-931B-6D641A85FE86}.Debug|Any CPU.ActiveCfg = Debug|Any CPU
		{A23305BD-B2DA-441F-931B-6D641A85FE86}.Debug|Any CPU.Build.0 = Debug|Any CPU
		{A23305BD-B2DA-441F-931B-6D641A85FE86}.Release|Any CPU.ActiveCfg = Release|Any CPU
		{A23305BD-B2DA-441F-931B-6D641A85FE86}.Release|Any CPU.Build.0 = Release|Any CPU
	EndGlobalSection
	GlobalSection(SolutionProperties) = preSolution
		HideSolutionNode = FALSE
	EndGlobalSection
	GlobalSection(ExtensibilityGlobals) = postSolution
		SolutionGuid = {6849A5C5-5C18-4CB3-9FC5-4AF3B7F75DA6}
	EndGlobalSection
EndGlobal
